
Microsoft Visual Studio Solution File, Format Version 12.00
# Visual Studio Version 16
VisualStudioVersion = 16.0.31515.178
MinimumVisualStudioVersion = 10.0.40219.1
Project("{FAE04EC0-301F-11D3-BF4B-00C04F79EFBC}") = "WebApi", "WebApi\WebApi.csproj", "{F77B45BA-1548-44C5-8EE0-36FEAC94EFF5}"
EndProject
Global
	GlobalSection(SolutionConfigurationPlatforms) = preSolution
		Debug|Any CPU = Debug|Any CPU
		Release|Any CPU = Release|Any CPU
	EndGlobalSection
	GlobalSection(ProjectConfigurationPlatforms) = postSolution
		{F77B45BA-1548-44C5-8EE0-36FEAC94EFF5}.Debug|Any CPU.ActiveCfg = Debug|Any CPU
		{F77B45BA-1548-44C5-8EE0-36FEAC94EFF5}.Debug|Any CPU.Build.0 = Debug|Any CPU
		{F77B45BA-1548-44C5-8EE0-36FEAC94EFF5}.Release|Any CPU.ActiveCfg = Release|Any CPU
		{F77B45BA-1548-44C5-8EE0-36FEAC94EFF5}.Release|Any CPU.Build.0 = Release|Any CPU
	EndGlobalSection
	GlobalSection(SolutionProperties) = preSolution
		HideSolutionNode = FALSE
	EndGlobalSection
	GlobalSection(ExtensibilityGlobals) = postSolution
		SolutionGuid = {E0C8C92B-87E8-492B-B7E5-B50FD4F3938B}
	EndGlobalSection
EndGlobal
